// !$*UTF8*$!
{
	archiveVersion = 1;
	classes = {
	};
	objectVersion = 55;
	objects = {

/* Begin PBXBuildFile section */
		8D8BB82E2756F1EE00B537EB /* RoomsAppApp.swift in Sources */ = {isa = PBXBuildFile; fileRef = 8D8BB82D2756F1EE00B537EB /* RoomsAppApp.swift */; };
		8D8BB8302756F1EE00B537EB /* ContentView.swift in Sources */ = {isa = PBXBuildFile; fileRef = 8D8BB82F2756F1EE00B537EB /* ContentView.swift */; };
		8D8BB8322756F1EF00B537EB /* Assets.xcassets in Resources */ = {isa = PBXBuildFile; fileRef = 8D8BB8312756F1EF00B537EB /* Assets.xcassets */; };
		8D8BB8352756F1EF00B537EB /* Preview Assets.xcassets in Resources */ = {isa = PBXBuildFile; fileRef = 8D8BB8342756F1EF00B537EB /* Preview Assets.xcassets */; };
		8D8BB83D2756F2D700B537EB /* ColorSelectionView.swift in Sources */ = {isa = PBXBuildFile; fileRef = 8D8BB83C2756F2D700B537EB /* ColorSelectionView.swift */; };
		8D8BB8402756F40200B537EB /* RoomModel.xcdatamodeld in Sources */ = {isa = PBXBuildFile; fileRef = 8D8BB83E2756F40200B537EB /* RoomModel.xcdatamodeld */; };
		8D8BB8422756F4AD00B537EB /* Room.swift in Sources */ = {isa = PBXBuildFile; fileRef = 8D8BB8412756F4AD00B537EB /* Room.swift */; };
		8D8BB8442756F51F00B537EB /* CoreDataManager.swift in Sources */ = {isa = PBXBuildFile; fileRef = 8D8BB8432756F51F00B537EB /* CoreDataManager.swift */; };
		8D8BB8462756F60C00B537EB /* NSColorTransformer.swift in Sources */ = {isa = PBXBuildFile; fileRef = 8D8BB8452756F60C00B537EB /* NSColorTransformer.swift */; };
/* End PBXBuildFile section */

/* Begin PBXFileReference section */
		8D8BB82A2756F1EE00B537EB /* RoomsApp.app */ = {isa = PBXFileReference; explicitFileType = wrapper.application; includeInIndex = 0; path = RoomsApp.app; sourceTree = BUILT_PRODUCTS_DIR; };
		8D8BB82D2756F1EE00B537EB /* RoomsAppApp.swift */ = {isa = PBXFileReference; lastKnownFileType = sourcecode.swift; path = RoomsAppApp.swift; sourceTree = "<group>"; };
		8D8BB82F2756F1EE00B537EB /* ContentView.swift */ = {isa = PBXFileReference; lastKnownFileType = sourcecode.swift; path = ContentView.swift; sourceTree = "<group>"; };
		8D8BB8312756F1EF00B537EB /* Assets.xcassets */ = {isa = PBXFileReference; lastKnownFileType = folder.assetcatalog; path = Assets.xcassets; sourceTree = "<group>"; };
		8D8BB8342756F1EF00B537EB /* Preview Assets.xcassets */ = {isa = PBXFileReference; lastKnownFileType = folder.assetcatalog; path = "Preview Assets.xcassets"; sourceTree = "<group>"; };
		8D8BB8362756F1EF00B537EB /* RoomsApp.entitlements */ = {isa = PBXFileReference; lastKnownFileType = text.plist.entitlements; path = RoomsApp.entitlements; sourceTree = "<group>"; };
		8D8BB83C2756F2D700B537EB /* ColorSelectionView.swift */ = {isa = PBXFileReference; lastKnownFileType = sourcecode.swift; path = ColorSelectionView.swift; sourceTree = "<group>"; };
		8D8BB83F2756F40200B537EB /* RoomModel.xcdatamodel */ = {isa = PBXFileReference; lastKnownFileType = wrapper.xcdatamodel; path = RoomModel.xcdatamodel; sourceTree = "<group>"; };
		8D8BB8412756F4AD00B537EB /* Room.swift */ = {isa = PBXFileReference; lastKnownFileType = sourcecode.swift; path = Room.swift; sourceTree = "<group>"; };
		8D8BB8432756F51F00B537EB /* CoreDataManager.swift */ = {isa = PBXFileReference; lastKnownFileType = sourcecode.swift; path = CoreDataManager.swift; sourceTree = "<group>"; };
		8D8BB8452756F60C00B537EB /* NSColorTransformer.swift */ = {isa = PBXFileReference; lastKnownFileType = sourcecode.swift; path = NSColorTransformer.swift; sourceTree = "<group>"; };
/* End PBXFileReference section */

/* Begin PBXFrameworksBuildPhase section */
		8D8BB8272756F1EE00B537EB /* Frameworks */ = {
			isa = PBXFrameworksBuildPhase;
			buildActionMask = 2147483647;
			files = (
			);
			runOnlyForDeploymentPostprocessing = 0;
		};
/* End PBXFrameworksBuildPhase section */

/* Begin PBXGroup section */
		8D8BB8212756F1EE00B537EB = {
			isa = PBXGroup;
			children = (
				8D8BB82C2756F1EE00B537EB /* RoomsApp */,
				8D8BB82B2756F1EE00B537EB /* Products */,
			);
			sourceTree = "<group>";
		};
		8D8BB82B2756F1EE00B537EB /* Products */ = {
			isa = PBXGroup;
			children = (
				8D8BB82A2756F1EE00B537EB /* RoomsApp.app */,
			);
			name = Products;
			sourceTree = "<group>";
		};
		8D8BB82C2756F1EE00B537EB /* RoomsApp */ = {
			isa = PBXGroup;
			children = (
				8D8BB82D2756F1EE00B537EB /* RoomsAppApp.swift */,
				8D8BB82F2756F1EE00B537EB /* ContentView.swift */,
				8D8BB8312756F1EF00B537EB /* Assets.xcassets */,
				8D8BB8362756F1EF00B537EB /* RoomsApp.entitlements */,
				8D8BB8332756F1EF00B537EB /* Preview Content */,
				8D8BB83C2756F2D700B537EB /* ColorSelectionView.swift */,
				8D8BB83E2756F40200B537EB /* RoomModel.xcdatamodeld */,
				8D8BB8412756F4AD00B537EB /* Room.swift */,
				8D8BB8432756F51F00B537EB /* CoreDataManager.swift */,
				8D8BB8452756F60C00B537EB /* NSColorTransformer.swift */,
			);
			path = RoomsApp;
			sourceTree = "<group>";
		};
		8D8BB8332756F1EF00B537EB /* Preview Content */ = {
			isa = PBXGroup;
			children = (
				8D8BB8342756F1EF00B537EB /* Preview Assets.xcassets */,
			);
			path = "Preview Content";
			sourceTree = "<group>";
		};
/* End PBXGroup section */

/* Begin PBXNativeTarget section */
		8D8BB8292756F1EE00B537EB /* RoomsApp */ = {
			isa = PBXNativeTarget;
			buildConfigurationList = 8D8BB8392756F1EF00B537EB /* Build configuration list for PBXNativeTarget "RoomsApp" */;
			buildPhases = (
				8D8BB8262756F1EE00B537EB /* Sources */,
				8D8BB8272756F1EE00B537EB /* Frameworks */,
				8D8BB8282756F1EE00B537EB /* Resources */,
			);
			buildRules = (
			);
			dependencies = (
			);
			name = RoomsApp;
			productName = RoomsApp;
			productReference = 8D8BB82A2756F1EE00B537EB /* RoomsApp.app */;
			productType = "com.apple.product-type.application";
		};
/* End PBXNativeTarget section */

/* Begin PBXProject section */
		8D8BB8222756F1EE00B537EB /* Project object */ = {
			isa = PBXProject;
			attributes = {
				BuildIndependentTargetsInParallel = 1;
				LastSwiftUpdateCheck = 1310;
				LastUpgradeCheck = 1310;
				TargetAttributes = {
					8D8BB8292756F1EE00B537EB = {
						CreatedOnToolsVersion = 13.1;
					};
				};
			};
			buildConfigurationList = 8D8BB8252756F1EE00B537EB /* Build configuration list for PBXProject "RoomsApp" */;
			compatibilityVersion = "Xcode 13.0";
			developmentRegion = en;
			hasScannedForEncodings = 0;
			knownRegions = (
				en,
				Base,
			);
			mainGroup = 8D8BB8212756F1EE00B537EB;
			productRefGroup = 8D8BB82B2756F1EE00B537EB /* Products */;
			projectDirPath = "";
			projectRoot = "";
			targets = (
				8D8BB8292756F1EE00B537EB /* RoomsApp */,
			);
		};
/* End PBXProject section */

/* Begin PBXResourcesBuildPhase section */
		8D8BB8282756F1EE00B537EB /* Resources */ = {
			isa = PBXResourcesBuildPhase;
			buildActionMask = 2147483647;
			files = (
				8D8BB8352756F1EF00B537EB /* Preview Assets.xcassets in Resources */,
				8D8BB8322756F1EF00B537EB /* Assets.xcassets in Resources */,
			);
			runOnlyForDeploymentPostprocessing = 0;
		};
/* End PBXResourcesBuildPhase section */

/* Begin PBXSourcesBuildPhase section */
		8D8BB8262756F1EE00B537EB /* Sources */ = {
			isa = PBXSourcesBuildPhase;
			buildActionMask = 2147483647;
			files = (
				8D8BB8442756F51F00B537EB /* CoreDataManager.swift in Sources */,
				8D8BB8402756F40200B537EB /* RoomModel.xcdatamodeld in Sources */,
				8D8BB83D2756F2D700B537EB /* ColorSelectionView.swift in Sources */,
				8D8BB8302756F1EE00B537EB /* ContentView.swift in Sources */,
				8D8BB82E2756F1EE00B537EB /* RoomsAppApp.swift in Sources */,
				8D8BB8422756F4AD00B537EB /* Room.swift in Sources */,
				8D8BB8462756F60C00B537EB /* NSColorTransformer.swift in Sources */,
			);
			runOnlyForDeploymentPostprocessing = 0;
		};
/* End PBXSourcesBuildPhase section */

/* Begin XCBuildConfiguration section */
		8D8BB8372756F1EF00B537EB /* Debug */ = {
			isa = XCBuildConfiguration;
			buildSettings = {
				ALWAYS_SEARCH_USER_PATHS = NO;
				CLANG_ANALYZER_NONNULL = YES;
				CLANG_ANALYZER_NUMBER_OBJECT_CONVERSION = YES_AGGRESSIVE;
				CLANG_CXX_LANGUAGE_STANDARD = "gnu++17";
				CLANG_CXX_LIBRARY = "libc++";
				CLANG_ENABLE_MODULES = YES;
				CLANG_ENABLE_OBJC_ARC = YES;
				CLANG_ENABLE_OBJC_WEAK = YES;
				CLANG_WARN_BLOCK_CAPTURE_AUTORELEASING = YES;
				CLANG_WARN_BOOL_CONVERSION = YES;
				CLANG_WARN_COMMA = YES;
				CLANG_WARN_CONSTANT_CONVERSION = YES;
				CLANG_WARN_DEPRECATED_OBJC_IMPLEMENTATIONS = YES;
				CLANG_WARN_DIRECT_OBJC_ISA_USAGE = YES_ERROR;
				CLANG_WARN_DOCUMENTATION_COMMENTS = YES;
				CLANG_WARN_EMPTY_BODY = YES;
				CLANG_WARN_ENUM_CONVERSION = YES;
				CLANG_WARN_INFINITE_RECURSION = YES;
				CLANG_WARN_INT_CONVERSION = YES;
				CLANG_WARN_NON_LITERAL_NULL_CONVERSION = YES;
				CLANG_WARN_OBJC_IMPLICIT_RETAIN_SELF = YES;
				CLANG_WARN_OBJC_LITERAL_CONVERSION = YES;
				CLANG_WARN_OBJC_ROOT_CLASS = YES_ERROR;
				CLANG_WARN_QUOTED_INCLUDE_IN_FRAMEWORK_HEADER = YES;
				CLANG_WARN_RANGE_LOOP_ANALYSIS = YES;
				CLANG_WARN_STRICT_PROTOTYPES = YES;
				CLANG_WARN_SUSPICIOUS_MOVE = YES;
				CLANG_WARN_UNGUARDED_AVAILABILITY = YES_AGGRESSIVE;
				CLANG_WARN_UNREACHABLE_CODE = YES;
				CLANG_WARN__DUPLICATE_METHOD_MATCH = YES;
				COPY_PHASE_STRIP = NO;
				DEBUG_INFORMATION_FORMAT = dwarf;
				ENABLE_STRICT_OBJC_MSGSEND = YES;
				ENABLE_TESTABILITY = YES;
				GCC_C_LANGUAGE_STANDARD = gnu11;
				GCC_DYNAMIC_NO_PIC = NO;
				GCC_NO_COMMON_BLOCKS = YES;
				GCC_OPTIMIZATION_LEVEL = 0;
				GCC_PREPROCESSOR_DEFINITIONS = (
					"DEBUG=1",
					"$(inherited)",
				);
				GCC_WARN_64_TO_32_BIT_CONVERSION = YES;
				GCC_WARN_ABOUT_RETURN_TYPE = YES_ERROR;
				GCC_WARN_UNDECLARED_SELECTOR = YES;
				GCC_WARN_UNINITIALIZED_AUTOS = YES_AGGRESSIVE;
				GCC_WARN_UNUSED_FUNCTION = YES;
				GCC_WARN_UNUSED_VARIABLE = YES;
				MACOSX_DEPLOYMENT_TARGET = 12.0;
				MTL_ENABLE_DEBUG_INFO = INCLUDE_SOURCE;
				MTL_FAST_MATH = YES;
				ONLY_ACTIVE_ARCH = YES;
				SDKROOT = macosx;
				SWIFT_ACTIVE_COMPILATION_CONDITIONS = DEBUG;
				SWIFT_OPTIMIZATION_LEVEL = "-Onone";
			};
			name = Debug;
		};
		8D8BB8382756F1EF00B537EB /* Release */ = {
			isa = XCBuildConfiguration;
			buildSettings = {
				ALWAYS_SEARCH_USER_PATHS = NO;
				CLANG_ANALYZER_NONNULL = YES;
				CLANG_ANALYZER_NUMBER_OBJECT_CONVERSION = YES_AGGRESSIVE;
				CLANG_CXX_LANGUAGE_STANDARD = "gnu++17";
				CLANG_CXX_LIBRARY = "libc++";
				CLANG_ENABLE_MODULES = YES;
				CLANG_ENABLE_OBJC_ARC = YES;
				CLANG_ENABLE_OBJC_WEAK = YES;
				CLANG_WARN_BLOCK_CAPTURE_AUTORELEASING = YES;
				CLANG_WARN_BOOL_CONVERSION = YES;
				CLANG_WARN_COMMA = YES;
				CLANG_WARN_CONSTANT_CONVERSION = YES;
				CLANG_WARN_DEPRECATED_OBJC_IMPLEMENTATIONS = YES;
				CLANG_WARN_DIRECT_OBJC_ISA_USAGE = YES_ERROR;
				CLANG_WARN_DOCUMENTATION_COMMENTS = YES;
				CLANG_WARN_EMPTY_BODY = YES;
				CLANG_WARN_ENUM_CONVERSION = YES;
				CLANG_WARN_INFINITE_RECURSION = YES;
				CLANG_WARN_INT_CONVERSION = YES;
				CLANG_WARN_NON_LITERAL_NULL_CONVERSION = YES;
				CLANG_WARN_OBJC_IMPLICIT_RETAIN_SELF = YES;
				CLANG_WARN_OBJC_LITERAL_CONVERSION = YES;
				CLANG_WARN_OBJC_ROOT_CLASS = YES_ERROR;
				CLANG_WARN_QUOTED_INCLUDE_IN_FRAMEWORK_HEADER = YES;
				CLANG_WARN_RANGE_LOOP_ANALYSIS = YES;
				CLANG_WARN_STRICT_PROTOTYPES = YES;
				CLANG_WARN_SUSPICIOUS_MOVE = YES;
				CLANG_WARN_UNGUARDED_AVAILABILITY = YES_AGGRESSIVE;
				CLANG_WARN_UNREACHABLE_CODE = YES;
				CLANG_WARN__DUPLICATE_METHOD_MATCH = YES;
				COPY_PHASE_STRIP = NO;
				DEBUG_INFORMATION_FORMAT = "dwarf-with-dsym";
				ENABLE_NS_ASSERTIONS = NO;
				ENABLE_STRICT_OBJC_MSGSEND = YES;
				GCC_C_LANGUAGE_STANDARD = gnu11;
				GCC_NO_COMMON_BLOCKS = YES;
				GCC_WARN_64_TO_32_BIT_CONVERSION = YES;
				GCC_WARN_ABOUT_RETURN_TYPE = YES_ERROR;
				GCC_WARN_UNDECLARED_SELECTOR = YES;
				GCC_WARN_UNINITIALIZED_AUTOS = YES_AGGRESSIVE;
				GCC_WARN_UNUSED_FUNCTION = YES;
				GCC_WARN_UNUSED_VARIABLE = YES;
				MACOSX_DEPLOYMENT_TARGET = 12.0;
				MTL_ENABLE_DEBUG_INFO = NO;
				MTL_FAST_MATH = YES;
				SDKROOT = macosx;
				SWIFT_COMPILATION_MODE = wholemodule;
				SWIFT_OPTIMIZATION_LEVEL = "-O";
			};
			name = Release;
		};
		8D8BB83A2756F1EF00B537EB /* Debug */ = {
			isa = XCBuildConfiguration;
			buildSettings = {
				ASSETCATALOG_COMPILER_APPICON_NAME = AppIcon;
				ASSETCATALOG_COMPILER_GLOBAL_ACCENT_COLOR_NAME = AccentColor;
				CODE_SIGN_ENTITLEMENTS = RoomsApp/RoomsApp.entitlements;
				CODE_SIGN_STYLE = Automatic;
				COMBINE_HIDPI_IMAGES = YES;
				CURRENT_PROJECT_VERSION = 1;
				DEVELOPMENT_ASSET_PATHS = "\"RoomsApp/Preview Content\"";
				DEVELOPMENT_TEAM = B2Q8EGNCQA;
				ENABLE_HARDENED_RUNTIME = YES;
				ENABLE_PREVIEWS = YES;
				GENERATE_INFOPLIST_FILE = YES;
				INFOPLIST_KEY_NSHumanReadableCopyright = "";
				LD_RUNPATH_SEARCH_PATHS = (
					"$(inherited)",
					"@executable_path/../Frameworks",
				);
				MARKETING_VERSION = 1.0;
				PRODUCT_BUNDLE_IDENTIFIER = com.azamsharp.RoomsApp;
				PRODUCT_NAME = "$(TARGET_NAME)";
				SWIFT_EMIT_LOC_STRINGS = YES;
				SWIFT_VERSION = 5.0;
			};
			name = Debug;
		};
		8D8BB83B2756F1EF00B537EB /* Release */ = {
			isa = XCBuildConfiguration;
			buildSettings = {
				ASSETCATALOG_COMPILER_APPICON_NAME = AppIcon;
				ASSETCATALOG_COMPILER_GLOBAL_ACCENT_COLOR_NAME = AccentColor;
				CODE_SIGN_ENTITLEMENTS = RoomsApp/RoomsApp.entitlements;
				CODE_SIGN_STYLE = Automatic;
				COMBINE_HIDPI_IMAGES = YES;
				CURRENT_PROJECT_VERSION = 1;
				DEVELOPMENT_ASSET_PATHS = "\"RoomsApp/Preview Content\"";
				DEVELOPMENT_TEAM = B2Q8EGNCQA;
				ENABLE_HARDENED_RUNTIME = YES;
				ENABLE_PREVIEWS = YES;
				GENERATE_INFOPLIST_FILE = YES;
				INFOPLIST_KEY_NSHumanReadableCopyright = "";
				LD_RUNPATH_SEARCH_PATHS = (
					"$(inherited)",
					"@executable_path/../Frameworks",
				);
				MARKETING_VERSION = 1.0;
				PRODUCT_BUNDLE_IDENTIFIER = com.azamsharp.RoomsApp;
				PRODUCT_NAME = "$(TARGET_NAME)";
				SWIFT_EMIT_LOC_STRINGS = YES;
				SWIFT_VERSION = 5.0;
			};
			name = Release;
		};
/* End XCBuildConfiguration section */

/* Begin XCConfigurationList section */
		8D8BB8252756F1EE00B537EB /* Build configuration list for PBXProject "RoomsApp" */ = {
			isa = XCConfigurationList;
			buildConfigurations = (
				8D8BB8372756F1EF00B537EB /* Debug */,
				8D8BB8382756F1EF00B537EB /* Release */,
			);
			defaultConfigurationIsVisible = 0;
			defaultConfigurationName = Release;
		};
		8D8BB8392756F1EF00B537EB /* Build configuration list for PBXNativeTarget "RoomsApp" */ = {
			isa = XCConfigurationList;
			buildConfigurations = (
				8D8BB83A2756F1EF00B537EB /* Debug */,
				8D8BB83B2756F1EF00B537EB /* Release */,
			);
			defaultConfigurationIsVisible = 0;
			defaultConfigurationName = Release;
		};
/* End XCConfigurationList section */

/* Begin XCVersionGroup section */
		8D8BB83E2756F40200B537EB /* RoomModel.xcdatamodeld */ = {
			isa = XCVersionGroup;
			children = (
				8D8BB83F2756F40200B537EB /* RoomModel.xcdatamodel */,
			);
			currentVersion = 8D8BB83F2756F40200B537EB /* RoomModel.xcdatamodel */;
			path = RoomModel.xcdatamodeld;
			sourceTree = "<group>";
			versionGroupType = wrapper.xcdatamodel;
		};
/* End XCVersionGroup section */
	};
	rootObject = 8D8BB8222756F1EE00B537EB /* Project object */;
}
